{
  "name": "Gametime",
  "version": "1.0.0",
  "lockfileVersion": 3,
  "requires": true,
  "packages": {
    "backend": {
      "name": "gametime-backend",
      "version": "1.0.0",
      "extraneous": true,
      "dependencies": {
        "@anthropic-ai/sdk": "^0.78.0",
        "bcryptjs": "^2.4.3",
        "cookie-parser": "^1.4.7",
        "cors": "^2.8.5",
        "dotenv": "^16.4.5",
        "expo-server-sdk": "^6.0.0",
        "express": "^4.21.2",
        "helmet": "^8.0.0",
        "jsonwebtoken": "^9.0.2",
        "morgan": "^1.10.0",
        "nodemailer": "^6.10.0",
        "pino": "^10.3.1",
        "pino-http": "^11.0.0",
        "resend": "^6.10.0",
        "sqlite": "^5.1.1",
        "sqlite3": "^5.1.7",
        "stripe": "^20.4.1",
        "uuid": "^11.0.3",
        "zod": "^3.23.8"
      },
      "devDependencies": {
        "pino-pretty": "^13.1.3",
        "supertest": "^7.1.3",
        "vitest": "^2.1.9"
      }
    },
    "frontend": {
      "name": "gametime-frontend",
      "version": "1.0.0",
      "extraneous": true,
      "dependencies": {
        "react": "^18.3.1",
        "react-dom": "^18.3.1",
        "react-router-dom": "^6.27.0"
      },
      "devDependencies": {
        "@vitejs/plugin-react": "^4.3.3",
        "vite": "^5.4.8"
      }
    },
    "mobile": {
      "name": "gametime-mobile",
      "version": "1.0.0",
      "extraneous": true,
      "dependencies": {
        "@expo/metro-runtime": "~6.1.2",
        "expo": "^54.0.0",
        "expo-status-bar": "~3.0.8",
        "react": "19.1.0",
        "react-dom": "19.1.0",
        "react-native": "0.81.4",
        "react-native-web": "^0.21.0"
      },
      "devDependencies": {
        "@babel/core": "^7.25.0"
      }
    }
  }
}
